
Microsoft Visual Studio Solution File, Format Version 12.00
# Visual Studio 14
VisualStudioVersion = 14.0.25420.1
MinimumVisualStudioVersion = 10.0.40219.1
Project("{FAE04EC0-301F-11D3-BF4B-00C04F79EFBC}") = "Demo.Tests", "Demo.Tests\Demo.Tests.csproj", "{9F6F77AA-0E25-43B3-A2B6-DC967510EF7C}"
EndProject
Project("{FAE04EC0-301F-11D3-BF4B-00C04F79EFBC}") = "Demo.Specifics", "Demo.Specifics\Demo.Specifics.csproj", "{086860BD-94BD-455C-9954-38F827ED219B}"
EndProject
Project("{FAE04EC0-301F-11D3-BF4B-00C04F79EFBC}") = "Demo.Charmap", "Demo.Charmap\Demo.Charmap.csproj", "{DAAE2ECE-6C33-4AA7-AF12-747DE3B4FC1E}"
EndProject
Project("{FAE04EC0-301F-11D3-BF4B-00C04F79EFBC}") = "Demo.Celestia", "Demo.Celestia\Demo.Celestia.csproj", "{C87FAED9-50EA-41CD-887D-632496E57442}"
EndProject
Project("{FAE04EC0-301F-11D3-BF4B-00C04F79EFBC}") = "Demo.AndroidDialer", "Demo.Dialer\Demo.AndroidDialer.csproj", "{55DF63ED-CA1C-482C-BB40-94B76D9A2560}"
EndProject
Global
	GlobalSection(SolutionConfigurationPlatforms) = preSolution
		Debug|Any CPU = Debug|Any CPU
		Release|Any CPU = Release|Any CPU
	EndGlobalSection
	GlobalSection(ProjectConfigurationPlatforms) = postSolution
		{9F6F77AA-0E25-43B3-A2B6-DC967510EF7C}.Debug|Any CPU.ActiveCfg = Debug|Any CPU
		{9F6F77AA-0E25-43B3-A2B6-DC967510EF7C}.Debug|Any CPU.Build.0 = Debug|Any CPU
		{9F6F77AA-0E25-43B3-A2B6-DC967510EF7C}.Release|Any CPU.ActiveCfg = Release|Any CPU
		{9F6F77AA-0E25-43B3-A2B6-DC967510EF7C}.Release|Any CPU.Build.0 = Release|Any CPU
		{086860BD-94BD-455C-9954-38F827ED219B}.Debug|Any CPU.ActiveCfg = Debug|Any CPU
		{086860BD-94BD-455C-9954-38F827ED219B}.Debug|Any CPU.Build.0 = Debug|Any CPU
		{086860BD-94BD-455C-9954-38F827ED219B}.Release|Any CPU.ActiveCfg = Release|Any CPU
		{086860BD-94BD-455C-9954-38F827ED219B}.Release|Any CPU.Build.0 = Release|Any CPU
		{DAAE2ECE-6C33-4AA7-AF12-747DE3B4FC1E}.Debug|Any CPU.ActiveCfg = Debug|Any CPU
		{DAAE2ECE-6C33-4AA7-AF12-747DE3B4FC1E}.Debug|Any CPU.Build.0 = Debug|Any CPU
		{DAAE2ECE-6C33-4AA7-AF12-747DE3B4FC1E}.Release|Any CPU.ActiveCfg = Release|Any CPU
		{DAAE2ECE-6C33-4AA7-AF12-747DE3B4FC1E}.Release|Any CPU.Build.0 = Release|Any CPU
		{C87FAED9-50EA-41CD-887D-632496E57442}.Debug|Any CPU.ActiveCfg = Debug|Any CPU
		{C87FAED9-50EA-41CD-887D-632496E57442}.Debug|Any CPU.Build.0 = Debug|Any CPU
		{C87FAED9-50EA-41CD-887D-632496E57442}.Release|Any CPU.ActiveCfg = Release|Any CPU
		{C87FAED9-50EA-41CD-887D-632496E57442}.Release|Any CPU.Build.0 = Release|Any CPU
		{55DF63ED-CA1C-482C-BB40-94B76D9A2560}.Debug|Any CPU.ActiveCfg = Debug|Any CPU
		{55DF63ED-CA1C-482C-BB40-94B76D9A2560}.Debug|Any CPU.Build.0 = Debug|Any CPU
		{55DF63ED-CA1C-482C-BB40-94B76D9A2560}.Release|Any CPU.ActiveCfg = Release|Any CPU
		{55DF63ED-CA1C-482C-BB40-94B76D9A2560}.Release|Any CPU.Build.0 = Release|Any CPU
	EndGlobalSection
	GlobalSection(SolutionProperties) = preSolution
		HideSolutionNode = FALSE
	EndGlobalSection
	GlobalSection(ExtensibilityGlobals) = postSolution
		SolutionGuid = {1B9B0FC6-8D23-455D-AE0F-900C1F222B70}
	EndGlobalSection
EndGlobal
