
Microsoft Visual Studio Solution File, Format Version 12.00
# Visual Studio Version 16
VisualStudioVersion = 16.0.32002.261
MinimumVisualStudioVersion = 10.0.40219.1
Project("{2150E333-8FDC-42A3-9474-1A3956D46DE8}") = "Solution Items", "Solution Items", "{6D17E40D-35E9-4B5D-A856-454E4D257CCF}"
	ProjectSection(SolutionItems) = preProject
		.editorconfig = .editorconfig
		CodeRules.ruleset = CodeRules.ruleset
	EndProjectSection
EndProject
Project("{9A19103F-16F7-4668-BE54-9A1E7A4F7556}") = "Unicorn.Taf.Core", "Unicorn.Taf.Core\Unicorn.Taf.Core.csproj", "{877DF901-647C-4C3C-8BAE-335F686E787E}"
EndProject
Project("{9A19103F-16F7-4668-BE54-9A1E7A4F7556}") = "Unicorn.Backend", "Unicorn.Backend\Unicorn.Backend.csproj", "{5572EA76-6B1C-4BEE-B62F-36F757B44486}"
EndProject
Project("{9A19103F-16F7-4668-BE54-9A1E7A4F7556}") = "Unicorn.UI.Core", "Unicorn.UI\Core\Unicorn.UI.Core.csproj", "{199133F2-828B-4772-80C8-07E5FB25CC17}"
EndProject
Project("{9A19103F-16F7-4668-BE54-9A1E7A4F7556}") = "Unicorn.UI.Web", "Unicorn.UI\Web\Unicorn.UI.Web.csproj", "{BE88B63E-4A86-41CB-BB0C-F1299ADA0DA1}"
EndProject
Project("{9A19103F-16F7-4668-BE54-9A1E7A4F7556}") = "Unicorn.UI.Win", "Unicorn.UI\Win\Unicorn.UI.Win.csproj", "{70B1A3DC-8D4B-428A-9D81-64E9C8EFF3C3}"
EndProject
Project("{9A19103F-16F7-4668-BE54-9A1E7A4F7556}") = "Unicorn.UI.Mobile", "Unicorn.UI\Mobile\Unicorn.UI.Mobile.csproj", "{50B89817-07DF-4930-B010-6E64103D8F36}"
EndProject
Project("{9A19103F-16F7-4668-BE54-9A1E7A4F7556}") = "Unicorn.UnitTests", "Unicorn.UnitTests\Unicorn.UnitTests.csproj", "{09D36FBF-31EE-4BC0-A731-35276DCBB370}"
EndProject
Project("{9A19103F-16F7-4668-BE54-9A1E7A4F7556}") = "Unicorn.Taf.Api", "Unicorn.Taf.Api\Unicorn.Taf.Api.csproj", "{90D82A3A-BA2F-4421-87D2-8C65242E0B3B}"
EndProject
Global
	GlobalSection(SolutionConfigurationPlatforms) = preSolution
		Debug|Any CPU = Debug|Any CPU
		Release|Any CPU = Release|Any CPU
	EndGlobalSection
	GlobalSection(ProjectConfigurationPlatforms) = postSolution
		{877DF901-647C-4C3C-8BAE-335F686E787E}.Debug|Any CPU.ActiveCfg = Debug|Any CPU
		{877DF901-647C-4C3C-8BAE-335F686E787E}.Debug|Any CPU.Build.0 = Debug|Any CPU
		{877DF901-647C-4C3C-8BAE-335F686E787E}.Release|Any CPU.ActiveCfg = Release|Any CPU
		{877DF901-647C-4C3C-8BAE-335F686E787E}.Release|Any CPU.Build.0 = Release|Any CPU
		{5572EA76-6B1C-4BEE-B62F-36F757B44486}.Debug|Any CPU.ActiveCfg = Debug|Any CPU
		{5572EA76-6B1C-4BEE-B62F-36F757B44486}.Debug|Any CPU.Build.0 = Debug|Any CPU
		{5572EA76-6B1C-4BEE-B62F-36F757B44486}.Release|Any CPU.ActiveCfg = Release|Any CPU
		{5572EA76-6B1C-4BEE-B62F-36F757B44486}.Release|Any CPU.Build.0 = Release|Any CPU
		{199133F2-828B-4772-80C8-07E5FB25CC17}.Debug|Any CPU.ActiveCfg = Debug|Any CPU
		{199133F2-828B-4772-80C8-07E5FB25CC17}.Debug|Any CPU.Build.0 = Debug|Any CPU
		{199133F2-828B-4772-80C8-07E5FB25CC17}.Release|Any CPU.ActiveCfg = Release|Any CPU
		{199133F2-828B-4772-80C8-07E5FB25CC17}.Release|Any CPU.Build.0 = Release|Any CPU
		{BE88B63E-4A86-41CB-BB0C-F1299ADA0DA1}.Debug|Any CPU.ActiveCfg = Debug|Any CPU
		{BE88B63E-4A86-41CB-BB0C-F1299ADA0DA1}.Debug|Any CPU.Build.0 = Debug|Any CPU
		{BE88B63E-4A86-41CB-BB0C-F1299ADA0DA1}.Release|Any CPU.ActiveCfg = Release|Any CPU
		{BE88B63E-4A86-41CB-BB0C-F1299ADA0DA1}.Release|Any CPU.Build.0 = Release|Any CPU
		{70B1A3DC-8D4B-428A-9D81-64E9C8EFF3C3}.Debug|Any CPU.ActiveCfg = Debug|Any CPU
		{70B1A3DC-8D4B-428A-9D81-64E9C8EFF3C3}.Debug|Any CPU.Build.0 = Debug|Any CPU
		{70B1A3DC-8D4B-428A-9D81-64E9C8EFF3C3}.Release|Any CPU.ActiveCfg = Release|Any CPU
		{70B1A3DC-8D4B-428A-9D81-64E9C8EFF3C3}.Release|Any CPU.Build.0 = Release|Any CPU
		{50B89817-07DF-4930-B010-6E64103D8F36}.Debug|Any CPU.ActiveCfg = Debug|Any CPU
		{50B89817-07DF-4930-B010-6E64103D8F36}.Debug|Any CPU.Build.0 = Debug|Any CPU
		{50B89817-07DF-4930-B010-6E64103D8F36}.Release|Any CPU.ActiveCfg = Release|Any CPU
		{50B89817-07DF-4930-B010-6E64103D8F36}.Release|Any CPU.Build.0 = Release|Any CPU
		{09D36FBF-31EE-4BC0-A731-35276DCBB370}.Debug|Any CPU.ActiveCfg = Debug|Any CPU
		{09D36FBF-31EE-4BC0-A731-35276DCBB370}.Debug|Any CPU.Build.0 = Debug|Any CPU
		{09D36FBF-31EE-4BC0-A731-35276DCBB370}.Release|Any CPU.ActiveCfg = Release|Any CPU
		{09D36FBF-31EE-4BC0-A731-35276DCBB370}.Release|Any CPU.Build.0 = Release|Any CPU
		{90D82A3A-BA2F-4421-87D2-8C65242E0B3B}.Debug|Any CPU.ActiveCfg = Debug|Any CPU
		{90D82A3A-BA2F-4421-87D2-8C65242E0B3B}.Debug|Any CPU.Build.0 = Debug|Any CPU
		{90D82A3A-BA2F-4421-87D2-8C65242E0B3B}.Release|Any CPU.ActiveCfg = Release|Any CPU
		{90D82A3A-BA2F-4421-87D2-8C65242E0B3B}.Release|Any CPU.Build.0 = Release|Any CPU
	EndGlobalSection
	GlobalSection(SolutionProperties) = preSolution
		HideSolutionNode = FALSE
	EndGlobalSection
	GlobalSection(ExtensibilityGlobals) = postSolution
		SolutionGuid = {FAF6E590-06E9-41B7-857A-C843EF0A57C8}
	EndGlobalSection
EndGlobal
