
Microsoft Visual Studio Solution File, Format Version 12.00
# Visual Studio Version 17
VisualStudioVersion = 17.2.32505.173
MinimumVisualStudioVersion = 10.0.40219.1
Project("{2150E333-8FDC-42A3-9474-1A3956D46DE8}") = "Solution Items", "Solution Items", "{6D17E40D-35E9-4B5D-A856-454E4D257CCF}"
	ProjectSection(SolutionItems) = preProject
		.editorconfig = .editorconfig
	EndProjectSection
EndProject
Project("{9A19103F-16F7-4668-BE54-9A1E7A4F7556}") = "Unicorn.UI.Win", "Unicorn.UI.Win\Unicorn.UI.Win.csproj", "{70B1A3DC-8D4B-428A-9D81-64E9C8EFF3C3}"
EndProject
Project("{9A19103F-16F7-4668-BE54-9A1E7A4F7556}") = "Unicorn.UnitTests.UI", "Unicorn.UnitTests.UI\Unicorn.UnitTests.UI.csproj", "{E8C905A5-06BE-4978-8641-3991439801DF}"
EndProject
Global
	GlobalSection(SolutionConfigurationPlatforms) = preSolution
		CI|Any CPU = CI|Any CPU
		Debug|Any CPU = Debug|Any CPU
		Release|Any CPU = Release|Any CPU
	EndGlobalSection
	GlobalSection(ProjectConfigurationPlatforms) = postSolution
		{70B1A3DC-8D4B-428A-9D81-64E9C8EFF3C3}.CI|Any CPU.ActiveCfg = Release|Any CPU
		{70B1A3DC-8D4B-428A-9D81-64E9C8EFF3C3}.CI|Any CPU.Build.0 = Release|Any CPU
		{70B1A3DC-8D4B-428A-9D81-64E9C8EFF3C3}.Debug|Any CPU.ActiveCfg = Debug|Any CPU
		{70B1A3DC-8D4B-428A-9D81-64E9C8EFF3C3}.Debug|Any CPU.Build.0 = Debug|Any CPU
		{70B1A3DC-8D4B-428A-9D81-64E9C8EFF3C3}.Release|Any CPU.ActiveCfg = Release|Any CPU
		{70B1A3DC-8D4B-428A-9D81-64E9C8EFF3C3}.Release|Any CPU.Build.0 = Release|Any CPU
		{E8C905A5-06BE-4978-8641-3991439801DF}.CI|Any CPU.ActiveCfg = Release|Any CPU
		{E8C905A5-06BE-4978-8641-3991439801DF}.Debug|Any CPU.ActiveCfg = Debug|Any CPU
		{E8C905A5-06BE-4978-8641-3991439801DF}.Debug|Any CPU.Build.0 = Debug|Any CPU
		{E8C905A5-06BE-4978-8641-3991439801DF}.Release|Any CPU.ActiveCfg = Release|Any CPU
		{E8C905A5-06BE-4978-8641-3991439801DF}.Release|Any CPU.Build.0 = Release|Any CPU
	EndGlobalSection
	GlobalSection(SolutionProperties) = preSolution
		HideSolutionNode = FALSE
	EndGlobalSection
	GlobalSection(ExtensibilityGlobals) = postSolution
		SolutionGuid = {FAF6E590-06E9-41B7-857A-C843EF0A57C8}
	EndGlobalSection
EndGlobal
